// !$*UTF8*$!
{
	archiveVersion = 1;
	classes = {
	};
	objectVersion = 50;
	objects = {

/* Begin PBXBuildFile section */
		85258FC326F9A9B2009C3794 /* DonorsDB.m in Sources */ = {isa = PBXBuildFile; fileRef = 85258FC226F9A9B2009C3794 /* DonorsDB.m */; };
		85258FC926F9AA37009C3794 /* libsqlite3.tbd in Frameworks */ = {isa = PBXBuildFile; fileRef = 85258FC826F9AA25009C3794 /* libsqlite3.tbd */; };
		856E39E026F42E03003B1949 /* DonorsTableViewCell.m in Sources */ = {isa = PBXBuildFile; fileRef = 856E39DE26F42E03003B1949 /* DonorsTableViewCell.m */; };
		856E39E126F42E03003B1949 /* DonorsTableViewCell.xib in Resources */ = {isa = PBXBuildFile; fileRef = 856E39DF26F42E03003B1949 /* DonorsTableViewCell.xib */; };
		8598EF9A270A886200C49BB4 /* UserNotifications.framework in Frameworks */ = {isa = PBXBuildFile; fileRef = 8598EF98270A884A00C49BB4 /* UserNotifications.framework */; };
		85B2414426F1B5EC006088A5 /* PickerViewController.m in Sources */ = {isa = PBXBuildFile; fileRef = 85B2414326F1B5EC006088A5 /* PickerViewController.m */; };
		85B2414926F1B636006088A5 /* Picker.plist in Resources */ = {isa = PBXBuildFile; fileRef = 85B2414826F1B636006088A5 /* Picker.plist */; };
		85D5DDBB26FACEA100909149 /* Assets.xcassets in Resources */ = {isa = PBXBuildFile; fileRef = 85D5DDBA26FACEA100909149 /* Assets.xcassets */; };
		85D5DDD826FAD02A00909149 /* Poppins-Light.ttf in Resources */ = {isa = PBXBuildFile; fileRef = 85D5DDD226FAD02A00909149 /* Poppins-Light.ttf */; };
		85D5DDD926FAD02A00909149 /* Poppins-Regular.ttf in Resources */ = {isa = PBXBuildFile; fileRef = 85D5DDD326FAD02A00909149 /* Poppins-Regular.ttf */; };
		85D5DDDA26FAD02A00909149 /* Poppins-LightItalic.ttf in Resources */ = {isa = PBXBuildFile; fileRef = 85D5DDD426FAD02A00909149 /* Poppins-LightItalic.ttf */; };
		85D5DDDB26FAD02A00909149 /* Poppins-SemiBold.ttf in Resources */ = {isa = PBXBuildFile; fileRef = 85D5DDD526FAD02A00909149 /* Poppins-SemiBold.ttf */; };
		85D5DDDC26FAD02A00909149 /* Poppins-Bold.ttf in Resources */ = {isa = PBXBuildFile; fileRef = 85D5DDD626FAD02A00909149 /* Poppins-Bold.ttf */; };
		85D5DDDD26FAD02A00909149 /* Poppins-Italic.ttf in Resources */ = {isa = PBXBuildFile; fileRef = 85D5DDD726FAD02A00909149 /* Poppins-Italic.ttf */; };
		85D5DDE326FAD1ED00909149 /* ecare.db in Resources */ = {isa = PBXBuildFile; fileRef = 85D5DDE226FAD1ED00909149 /* ecare.db */; };
		85E1B4BA26EED2840035CCEB /* AppDelegate.m in Sources */ = {isa = PBXBuildFile; fileRef = 85E1B4B926EED2840035CCEB /* AppDelegate.m */; };
		85E1B4BD26EED2840035CCEB /* SceneDelegate.m in Sources */ = {isa = PBXBuildFile; fileRef = 85E1B4BC26EED2840035CCEB /* SceneDelegate.m */; };
		85E1B4C826EED2850035CCEB /* LaunchScreen.storyboard in Resources */ = {isa = PBXBuildFile; fileRef = 85E1B4C626EED2850035CCEB /* LaunchScreen.storyboard */; };
		85E1B4CB26EED2850035CCEB /* main.m in Sources */ = {isa = PBXBuildFile; fileRef = 85E1B4CA26EED2850035CCEB /* main.m */; };
		85E1B4D526EED2850035CCEB /* ECareTests.m in Sources */ = {isa = PBXBuildFile; fileRef = 85E1B4D426EED2850035CCEB /* ECareTests.m */; };
		85E1B4E026EED2850035CCEB /* ECareUITests.m in Sources */ = {isa = PBXBuildFile; fileRef = 85E1B4DF26EED2850035CCEB /* ECareUITests.m */; };
		85E1B4FD26EED4E10035CCEB /* AppTabBarViewController.m in Sources */ = {isa = PBXBuildFile; fileRef = 85E1B4FC26EED4E10035CCEB /* AppTabBarViewController.m */; };
		85E1B50726EED64A0035CCEB /* HomeViewController.m in Sources */ = {isa = PBXBuildFile; fileRef = 85E1B50626EED64A0035CCEB /* HomeViewController.m */; };
		85E1B50E26EED6840035CCEB /* UpdatesViewController.m in Sources */ = {isa = PBXBuildFile; fileRef = 85E1B50C26EED6840035CCEB /* UpdatesViewController.m */; };
		85E1B51626EED6AD0035CCEB /* StatusViewController.m in Sources */ = {isa = PBXBuildFile; fileRef = 85E1B51426EED6AD0035CCEB /* StatusViewController.m */; };
		85E1B51D26EED6D00035CCEB /* ProfileViewController.m in Sources */ = {isa = PBXBuildFile; fileRef = 85E1B51C26EED6D00035CCEB /* ProfileViewController.m */; };
		85E1B52726EEDEDF0035CCEB /* util.m in Sources */ = {isa = PBXBuildFile; fileRef = 85E1B52626EEDEDF0035CCEB /* util.m */; };
		85E1B56E26EF1ECD0035CCEB /* ReqFormViewController.m in Sources */ = {isa = PBXBuildFile; fileRef = 85E1B56D26EF1ECD0035CCEB /* ReqFormViewController.m */; };
		85EE06CB26F43A4300343EF5 /* DonorsDummy.plist in Resources */ = {isa = PBXBuildFile; fileRef = 85EE06CA26F43A4300343EF5 /* DonorsDummy.plist */; };
		85F0A07926F47A740021A918 /* ReqTableViewCell.m in Sources */ = {isa = PBXBuildFile; fileRef = 85F0A07726F47A740021A918 /* ReqTableViewCell.m */; };
		85F0A07A26F47A740021A918 /* ReqTableViewCell.xib in Resources */ = {isa = PBXBuildFile; fileRef = 85F0A07826F47A740021A918 /* ReqTableViewCell.xib */; };
		85F90D0126F81F8100BBFDFD /* StatusDetailViewController.m in Sources */ = {isa = PBXBuildFile; fileRef = 85F90CFF26F81F8100BBFDFD /* StatusDetailViewController.m */; };
		85F90D0226F81F8100BBFDFD /* StatusDetailViewController.xib in Resources */ = {isa = PBXBuildFile; fileRef = 85F90D0026F81F8100BBFDFD /* StatusDetailViewController.xib */; };
/* End PBXBuildFile section */

/* Begin PBXContainerItemProxy section */
		85E1B4D126EED2850035CCEB /* PBXContainerItemProxy */ = {
			isa = PBXContainerItemProxy;
			containerPortal = 85E1B4AD26EED2840035CCEB /* Project object */;
			proxyType = 1;
			remoteGlobalIDString = 85E1B4B426EED2840035CCEB;
			remoteInfo = ECare;
		};
		85E1B4DC26EED2850035CCEB /* PBXContainerItemProxy */ = {
			isa = PBXContainerItemProxy;
			containerPortal = 85E1B4AD26EED2840035CCEB /* Project object */;
			proxyType = 1;
			remoteGlobalIDString = 85E1B4B426EED2840035CCEB;
			remoteInfo = ECare;
		};
/* End PBXContainerItemProxy section */

/* Begin PBXFileReference section */
		85258FC126F9A9B2009C3794 /* DonorsDB.h */ = {isa = PBXFileReference; lastKnownFileType = sourcecode.c.h; path = DonorsDB.h; sourceTree = "<group>"; };
		85258FC226F9A9B2009C3794 /* DonorsDB.m */ = {isa = PBXFileReference; lastKnownFileType = sourcecode.c.objc; path = DonorsDB.m; sourceTree = "<group>"; };
		85258FC826F9AA25009C3794 /* libsqlite3.tbd */ = {isa = PBXFileReference; lastKnownFileType = "sourcecode.text-based-dylib-definition"; name = libsqlite3.tbd; path = usr/lib/libsqlite3.tbd; sourceTree = SDKROOT; };
		856E39DD26F42E03003B1949 /* DonorsTableViewCell.h */ = {isa = PBXFileReference; lastKnownFileType = sourcecode.c.h; path = DonorsTableViewCell.h; sourceTree = "<group>"; };
		856E39DE26F42E03003B1949 /* DonorsTableViewCell.m */ = {isa = PBXFileReference; lastKnownFileType = sourcecode.c.objc; path = DonorsTableViewCell.m; sourceTree = "<group>"; };
		856E39DF26F42E03003B1949 /* DonorsTableViewCell.xib */ = {isa = PBXFileReference; lastKnownFileType = file.xib; path = DonorsTableViewCell.xib; sourceTree = "<group>"; };
		8598EF98270A884A00C49BB4 /* UserNotifications.framework */ = {isa = PBXFileReference; lastKnownFileType = wrapper.framework; name = UserNotifications.framework; path = System/Library/Frameworks/UserNotifications.framework; sourceTree = SDKROOT; };
		85B2414226F1B5EC006088A5 /* PickerViewController.h */ = {isa = PBXFileReference; lastKnownFileType = sourcecode.c.h; path = PickerViewController.h; sourceTree = "<group>"; };
		85B2414326F1B5EC006088A5 /* PickerViewController.m */ = {isa = PBXFileReference; lastKnownFileType = sourcecode.c.objc; path = PickerViewController.m; sourceTree = "<group>"; };
		85B2414826F1B636006088A5 /* Picker.plist */ = {isa = PBXFileReference; lastKnownFileType = text.plist.xml; path = Picker.plist; sourceTree = "<group>"; };
		85D5DDBA26FACEA100909149 /* Assets.xcassets */ = {isa = PBXFileReference; lastKnownFileType = folder.assetcatalog; path = Assets.xcassets; sourceTree = "<group>"; };
		85D5DDD226FAD02A00909149 /* Poppins-Light.ttf */ = {isa = PBXFileReference; lastKnownFileType = file; path = "Poppins-Light.ttf"; sourceTree = "<group>"; };
		85D5DDD326FAD02A00909149 /* Poppins-Regular.ttf */ = {isa = PBXFileReference; lastKnownFileType = file; path = "Poppins-Regular.ttf"; sourceTree = "<group>"; };
		85D5DDD426FAD02A00909149 /* Poppins-LightItalic.ttf */ = {isa = PBXFileReference; lastKnownFileType = file; path = "Poppins-LightItalic.ttf"; sourceTree = "<group>"; };
		85D5DDD526FAD02A00909149 /* Poppins-SemiBold.ttf */ = {isa = PBXFileReference; lastKnownFileType = file; path = "Poppins-SemiBold.ttf"; sourceTree = "<group>"; };
		85D5DDD626FAD02A00909149 /* Poppins-Bold.ttf */ = {isa = PBXFileReference; lastKnownFileType = file; path = "Poppins-Bold.ttf"; sourceTree = "<group>"; };
		85D5DDD726FAD02A00909149 /* Poppins-Italic.ttf */ = {isa = PBXFileReference; lastKnownFileType = file; path = "Poppins-Italic.ttf"; sourceTree = "<group>"; };
		85D5DDE226FAD1ED00909149 /* ecare.db */ = {isa = PBXFileReference; lastKnownFileType = file; path = ecare.db; sourceTree = "<group>"; };
		85E1B4B526EED2840035CCEB /* ECare.app */ = {isa = PBXFileReference; explicitFileType = wrapper.application; includeInIndex = 0; path = ECare.app; sourceTree = BUILT_PRODUCTS_DIR; };
		85E1B4B826EED2840035CCEB /* AppDelegate.h */ = {isa = PBXFileReference; lastKnownFileType = sourcecode.c.h; path = AppDelegate.h; sourceTree = "<group>"; };
		85E1B4B926EED2840035CCEB /* AppDelegate.m */ = {isa = PBXFileReference; lastKnownFileType = sourcecode.c.objc; path = AppDelegate.m; sourceTree = "<group>"; };
		85E1B4BB26EED2840035CCEB /* SceneDelegate.h */ = {isa = PBXFileReference; lastKnownFileType = sourcecode.c.h; path = SceneDelegate.h; sourceTree = "<group>"; };
		85E1B4BC26EED2840035CCEB /* SceneDelegate.m */ = {isa = PBXFileReference; lastKnownFileType = sourcecode.c.objc; path = SceneDelegate.m; sourceTree = "<group>"; };
		85E1B4C726EED2850035CCEB /* Base */ = {isa = PBXFileReference; lastKnownFileType = file.storyboard; name = Base; path = Base.lproj/LaunchScreen.storyboard; sourceTree = "<group>"; };
		85E1B4C926EED2850035CCEB /* Info.plist */ = {isa = PBXFileReference; lastKnownFileType = text.plist.xml; path = Info.plist; sourceTree = "<group>"; };
		85E1B4CA26EED2850035CCEB /* main.m */ = {isa = PBXFileReference; lastKnownFileType = sourcecode.c.objc; path = main.m; sourceTree = "<group>"; };
		85E1B4D026EED2850035CCEB /* ECareTests.xctest */ = {isa = PBXFileReference; explicitFileType = wrapper.cfbundle; includeInIndex = 0; path = ECareTests.xctest; sourceTree = BUILT_PRODUCTS_DIR; };
		85E1B4D426EED2850035CCEB /* ECareTests.m */ = {isa = PBXFileReference; lastKnownFileType = sourcecode.c.objc; path = ECareTests.m; sourceTree = "<group>"; };
		85E1B4D626EED2850035CCEB /* Info.plist */ = {isa = PBXFileReference; lastKnownFileType = text.plist.xml; path = Info.plist; sourceTree = "<group>"; };
		85E1B4DB26EED2850035CCEB /* ECareUITests.xctest */ = {isa = PBXFileReference; explicitFileType = wrapper.cfbundle; includeInIndex = 0; path = ECareUITests.xctest; sourceTree = BUILT_PRODUCTS_DIR; };
		85E1B4DF26EED2850035CCEB /* ECareUITests.m */ = {isa = PBXFileReference; lastKnownFileType = sourcecode.c.objc; path = ECareUITests.m; sourceTree = "<group>"; };
		85E1B4E126EED2850035CCEB /* Info.plist */ = {isa = PBXFileReference; lastKnownFileType = text.plist.xml; path = Info.plist; sourceTree = "<group>"; };
		85E1B4FB26EED4E10035CCEB /* AppTabBarViewController.h */ = {isa = PBXFileReference; lastKnownFileType = sourcecode.c.h; path = AppTabBarViewController.h; sourceTree = "<group>"; };
		85E1B4FC26EED4E10035CCEB /* AppTabBarViewController.m */ = {isa = PBXFileReference; lastKnownFileType = sourcecode.c.objc; path = AppTabBarViewController.m; sourceTree = "<group>"; };
		85E1B50526EED64A0035CCEB /* HomeViewController.h */ = {isa = PBXFileReference; lastKnownFileType = sourcecode.c.h; path = HomeViewController.h; sourceTree = "<group>"; };
		85E1B50626EED64A0035CCEB /* HomeViewController.m */ = {isa = PBXFileReference; lastKnownFileType = sourcecode.c.objc; path = HomeViewController.m; sourceTree = "<group>"; };
		85E1B50B26EED6840035CCEB /* UpdatesViewController.h */ = {isa = PBXFileReference; lastKnownFileType = sourcecode.c.h; path = UpdatesViewController.h; sourceTree = "<group>"; };
		85E1B50C26EED6840035CCEB /* UpdatesViewController.m */ = {isa = PBXFileReference; lastKnownFileType = sourcecode.c.objc; path = UpdatesViewController.m; sourceTree = "<group>"; };
		85E1B51326EED6AD0035CCEB /* StatusViewController.h */ = {isa = PBXFileReference; lastKnownFileType = sourcecode.c.h; path = StatusViewController.h; sourceTree = "<group>"; };
		85E1B51426EED6AD0035CCEB /* StatusViewController.m */ = {isa = PBXFileReference; lastKnownFileType = sourcecode.c.objc; path = StatusViewController.m; sourceTree = "<group>"; };
		85E1B51B26EED6D00035CCEB /* ProfileViewController.h */ = {isa = PBXFileReference; lastKnownFileType = sourcecode.c.h; path = ProfileViewController.h; sourceTree = "<group>"; };
		85E1B51C26EED6D00035CCEB /* ProfileViewController.m */ = {isa = PBXFileReference; lastKnownFileType = sourcecode.c.objc; path = ProfileViewController.m; sourceTree = "<group>"; };
		85E1B52526EEDEDF0035CCEB /* util.h */ = {isa = PBXFileReference; lastKnownFileType = sourcecode.c.h; path = util.h; sourceTree = "<group>"; };
		85E1B52626EEDEDF0035CCEB /* util.m */ = {isa = PBXFileReference; lastKnownFileType = sourcecode.c.objc; path = util.m; sourceTree = "<group>"; };
		85E1B56C26EF1ECD0035CCEB /* ReqFormViewController.h */ = {isa = PBXFileReference; lastKnownFileType = sourcecode.c.h; path = ReqFormViewController.h; sourceTree = "<group>"; };
		85E1B56D26EF1ECD0035CCEB /* ReqFormViewController.m */ = {isa = PBXFileReference; lastKnownFileType = sourcecode.c.objc; path = ReqFormViewController.m; sourceTree = "<group>"; };
		85EE06CA26F43A4300343EF5 /* DonorsDummy.plist */ = {isa = PBXFileReference; lastKnownFileType = text.plist.xml; path = DonorsDummy.plist; sourceTree = "<group>"; };
		85F0A07626F47A740021A918 /* ReqTableViewCell.h */ = {isa = PBXFileReference; lastKnownFileType = sourcecode.c.h; path = ReqTableViewCell.h; sourceTree = "<group>"; };
		85F0A07726F47A740021A918 /* ReqTableViewCell.m */ = {isa = PBXFileReference; lastKnownFileType = sourcecode.c.objc; path = ReqTableViewCell.m; sourceTree = "<group>"; };
		85F0A07826F47A740021A918 /* ReqTableViewCell.xib */ = {isa = PBXFileReference; lastKnownFileType = file.xib; path = ReqTableViewCell.xib; sourceTree = "<group>"; };
		85F90CFE26F81F8100BBFDFD /* StatusDetailViewController.h */ = {isa = PBXFileReference; lastKnownFileType = sourcecode.c.h; path = StatusDetailViewController.h; sourceTree = "<group>"; };
		85F90CFF26F81F8100BBFDFD /* StatusDetailViewController.m */ = {isa = PBXFileReference; lastKnownFileType = sourcecode.c.objc; path = StatusDetailViewController.m; sourceTree = "<group>"; };
		85F90D0026F81F8100BBFDFD /* StatusDetailViewController.xib */ = {isa = PBXFileReference; lastKnownFileType = file.xib; path = StatusDetailViewController.xib; sourceTree = "<group>"; };
/* End PBXFileReference section */

/* Begin PBXFrameworksBuildPhase section */
		85E1B4B226EED2840035CCEB /* Frameworks */ = {
			isa = PBXFrameworksBuildPhase;
			buildActionMask = 2147483647;
			files = (
				8598EF9A270A886200C49BB4 /* UserNotifications.framework in Frameworks */,
				85258FC926F9AA37009C3794 /* libsqlite3.tbd in Frameworks */,
			);
			runOnlyForDeploymentPostprocessing = 0;
		};
		85E1B4CD26EED2850035CCEB /* Frameworks */ = {
			isa = PBXFrameworksBuildPhase;
			buildActionMask = 2147483647;
			files = (
			);
			runOnlyForDeploymentPostprocessing = 0;
		};
		85E1B4D826EED2850035CCEB /* Frameworks */ = {
			isa = PBXFrameworksBuildPhase;
			buildActionMask = 2147483647;
			files = (
			);
			runOnlyForDeploymentPostprocessing = 0;
		};
/* End PBXFrameworksBuildPhase section */

/* Begin PBXGroup section */
		85258FC726F9AA24009C3794 /* Frameworks */ = {
			isa = PBXGroup;
			children = (
				8598EF98270A884A00C49BB4 /* UserNotifications.framework */,
				85258FC826F9AA25009C3794 /* libsqlite3.tbd */,
			);
			name = Frameworks;
			sourceTree = "<group>";
		};
		85D5DDBF26FACF5E00909149 /* font */ = {
			isa = PBXGroup;
			children = (
				85D5DDD626FAD02A00909149 /* Poppins-Bold.ttf */,
				85D5DDD726FAD02A00909149 /* Poppins-Italic.ttf */,
				85D5DDD226FAD02A00909149 /* Poppins-Light.ttf */,
				85D5DDD426FAD02A00909149 /* Poppins-LightItalic.ttf */,
				85D5DDD326FAD02A00909149 /* Poppins-Regular.ttf */,
				85D5DDD526FAD02A00909149 /* Poppins-SemiBold.ttf */,
			);
			path = font;
			sourceTree = "<group>";
		};
		85D5DDE126FAD1C500909149 /* Resources */ = {
			isa = PBXGroup;
			children = (
				85D5DDE226FAD1ED00909149 /* ecare.db */,
			);
			path = Resources;
			sourceTree = "<group>";
		};
		85E1B4AC26EED2840035CCEB = {
			isa = PBXGroup;
			children = (
				85E1B4B726EED2840035CCEB /* ECare */,
				85E1B4D326EED2850035CCEB /* ECareTests */,
				85E1B4DE26EED2850035CCEB /* ECareUITests */,
				85E1B4B626EED2840035CCEB /* Products */,
				85258FC726F9AA24009C3794 /* Frameworks */,
			);
			sourceTree = "<group>";
		};
		85E1B4B626EED2840035CCEB /* Products */ = {
			isa = PBXGroup;
			children = (
				85E1B4B526EED2840035CCEB /* ECare.app */,
				85E1B4D026EED2850035CCEB /* ECareTests.xctest */,
				85E1B4DB26EED2850035CCEB /* ECareUITests.xctest */,
			);
			name = Products;
			sourceTree = "<group>";
		};
		85E1B4B726EED2840035CCEB /* ECare */ = {
			isa = PBXGroup;
			children = (
				85D5DDE126FAD1C500909149 /* Resources */,
				85E1B52426EEDEA40035CCEB /* Utils */,
				85E1B4F426EED4420035CCEB /* Model */,
				85E1B4F326EED4390035CCEB /* Controller */,
				85E1B4B826EED2840035CCEB /* AppDelegate.h */,
				85E1B4B926EED2840035CCEB /* AppDelegate.m */,
				85E1B4BB26EED2840035CCEB /* SceneDelegate.h */,
				85E1B4BC26EED2840035CCEB /* SceneDelegate.m */,
				85E1B4C626EED2850035CCEB /* LaunchScreen.storyboard */,
				85D5DDBA26FACEA100909149 /* Assets.xcassets */,
				85D5DDBF26FACF5E00909149 /* font */,
				85E1B4C926EED2850035CCEB /* Info.plist */,
				85EE06CA26F43A4300343EF5 /* DonorsDummy.plist */,
				85B2414826F1B636006088A5 /* Picker.plist */,
				85E1B4CA26EED2850035CCEB /* main.m */,
			);
			path = ECare;
			sourceTree = "<group>";
		};
		85E1B4D326EED2850035CCEB /* ECareTests */ = {
			isa = PBXGroup;
			children = (
				85E1B4D426EED2850035CCEB /* ECareTests.m */,
				85E1B4D626EED2850035CCEB /* Info.plist */,
			);
			path = ECareTests;
			sourceTree = "<group>";
		};
		85E1B4DE26EED2850035CCEB /* ECareUITests */ = {
			isa = PBXGroup;
			children = (
				85E1B4DF26EED2850035CCEB /* ECareUITests.m */,
				85E1B4E126EED2850035CCEB /* Info.plist */,
			);
			path = ECareUITests;
			sourceTree = "<group>";
		};
		85E1B4F326EED4390035CCEB /* Controller */ = {
			isa = PBXGroup;
			children = (
				85E1B50426EED61A0035CCEB /* Profile */,
				85E1B50326EED6100035CCEB /* Status */,
				85E1B50226EED6060035CCEB /* Updates */,
				85E1B50126EED5EC0035CCEB /* Home */,
				85E1B4FB26EED4E10035CCEB /* AppTabBarViewController.h */,
				85E1B4FC26EED4E10035CCEB /* AppTabBarViewController.m */,
			);
			path = Controller;
			sourceTree = "<group>";
		};
		85E1B4F426EED4420035CCEB /* Model */ = {
			isa = PBXGroup;
			children = (
				85258FC126F9A9B2009C3794 /* DonorsDB.h */,
				85258FC226F9A9B2009C3794 /* DonorsDB.m */,
			);
			path = Model;
			sourceTree = "<group>";
		};
		85E1B50126EED5EC0035CCEB /* Home */ = {
			isa = PBXGroup;
			children = (
				85E1B50526EED64A0035CCEB /* HomeViewController.h */,
				85E1B50626EED64A0035CCEB /* HomeViewController.m */,
				85E1B56C26EF1ECD0035CCEB /* ReqFormViewController.h */,
				85E1B56D26EF1ECD0035CCEB /* ReqFormViewController.m */,
				85B2414226F1B5EC006088A5 /* PickerViewController.h */,
				85B2414326F1B5EC006088A5 /* PickerViewController.m */,
			);
			path = Home;
			sourceTree = "<group>";
		};
		85E1B50226EED6060035CCEB /* Updates */ = {
			isa = PBXGroup;
			children = (
				85E1B50B26EED6840035CCEB /* UpdatesViewController.h */,
				85E1B50C26EED6840035CCEB /* UpdatesViewController.m */,
				856E39DD26F42E03003B1949 /* DonorsTableViewCell.h */,
				856E39DE26F42E03003B1949 /* DonorsTableViewCell.m */,
				856E39DF26F42E03003B1949 /* DonorsTableViewCell.xib */,
			);
			path = Updates;
			sourceTree = "<group>";
		};
		85E1B50326EED6100035CCEB /* Status */ = {
			isa = PBXGroup;
			children = (
				85E1B51326EED6AD0035CCEB /* StatusViewController.h */,
				85E1B51426EED6AD0035CCEB /* StatusViewController.m */,
				85F0A07626F47A740021A918 /* ReqTableViewCell.h */,
				85F0A07726F47A740021A918 /* ReqTableViewCell.m */,
				85F0A07826F47A740021A918 /* ReqTableViewCell.xib */,
				85F90CFE26F81F8100BBFDFD /* StatusDetailViewController.h */,
				85F90CFF26F81F8100BBFDFD /* StatusDetailViewController.m */,
				85F90D0026F81F8100BBFDFD /* StatusDetailViewController.xib */,
			);
			path = Status;
			sourceTree = "<group>";
		};
		85E1B50426EED61A0035CCEB /* Profile */ = {
			isa = PBXGroup;
			children = (
				85E1B51B26EED6D00035CCEB /* ProfileViewController.h */,
				85E1B51C26EED6D00035CCEB /* ProfileViewController.m */,
			);
			path = Profile;
			sourceTree = "<group>";
		};
		85E1B52426EEDEA40035CCEB /* Utils */ = {
			isa = PBXGroup;
			children = (
				85E1B52526EEDEDF0035CCEB /* util.h */,
				85E1B52626EEDEDF0035CCEB /* util.m */,
			);
			path = Utils;
			sourceTree = "<group>";
		};
/* End PBXGroup section */

/* Begin PBXNativeTarget section */
		85E1B4B426EED2840035CCEB /* ECare */ = {
			isa = PBXNativeTarget;
			buildConfigurationList = 85E1B4E426EED2850035CCEB /* Build configuration list for PBXNativeTarget "ECare" */;
			buildPhases = (
				85E1B4B126EED2840035CCEB /* Sources */,
				85E1B4B226EED2840035CCEB /* Frameworks */,
				85E1B4B326EED2840035CCEB /* Resources */,
			);
			buildRules = (
			);
			dependencies = (
			);
			name = ECare;
			productName = ECare;
			productReference = 85E1B4B526EED2840035CCEB /* ECare.app */;
			productType = "com.apple.product-type.application";
		};
		85E1B4CF26EED2850035CCEB /* ECareTests */ = {
			isa = PBXNativeTarget;
			buildConfigurationList = 85E1B4E726EED2850035CCEB /* Build configuration list for PBXNativeTarget "ECareTests" */;
			buildPhases = (
				85E1B4CC26EED2850035CCEB /* Sources */,
				85E1B4CD26EED2850035CCEB /* Frameworks */,
				85E1B4CE26EED2850035CCEB /* Resources */,
			);
			buildRules = (
			);
			dependencies = (
				85E1B4D226EED2850035CCEB /* PBXTargetDependency */,
			);
			name = ECareTests;
			productName = ECareTests;
			productReference = 85E1B4D026EED2850035CCEB /* ECareTests.xctest */;
			productType = "com.apple.product-type.bundle.unit-test";
		};
		85E1B4DA26EED2850035CCEB /* ECareUITests */ = {
			isa = PBXNativeTarget;
			buildConfigurationList = 85E1B4EA26EED2850035CCEB /* Build configuration list for PBXNativeTarget "ECareUITests" */;
			buildPhases = (
				85E1B4D726EED2850035CCEB /* Sources */,
				85E1B4D826EED2850035CCEB /* Frameworks */,
				85E1B4D926EED2850035CCEB /* Resources */,
			);
			buildRules = (
			);
			dependencies = (
				85E1B4DD26EED2850035CCEB /* PBXTargetDependency */,
			);
			name = ECareUITests;
			productName = ECareUITests;
			productReference = 85E1B4DB26EED2850035CCEB /* ECareUITests.xctest */;
			productType = "com.apple.product-type.bundle.ui-testing";
		};
/* End PBXNativeTarget section */

/* Begin PBXProject section */
		85E1B4AD26EED2840035CCEB /* Project object */ = {
			isa = PBXProject;
			attributes = {
				LastUpgradeCheck = 1200;
				TargetAttributes = {
					85E1B4B426EED2840035CCEB = {
						CreatedOnToolsVersion = 12.0.1;
					};
					85E1B4CF26EED2850035CCEB = {
						CreatedOnToolsVersion = 12.0.1;
						TestTargetID = 85E1B4B426EED2840035CCEB;
					};
					85E1B4DA26EED2850035CCEB = {
						CreatedOnToolsVersion = 12.0.1;
						TestTargetID = 85E1B4B426EED2840035CCEB;
					};
				};
			};
			buildConfigurationList = 85E1B4B026EED2840035CCEB /* Build configuration list for PBXProject "ECare" */;
			compatibilityVersion = "Xcode 9.3";
			developmentRegion = en;
			hasScannedForEncodings = 0;
			knownRegions = (
				en,
				Base,
			);
			mainGroup = 85E1B4AC26EED2840035CCEB;
			productRefGroup = 85E1B4B626EED2840035CCEB /* Products */;
			projectDirPath = "";
			projectRoot = "";
			targets = (
				85E1B4B426EED2840035CCEB /* ECare */,
				85E1B4CF26EED2850035CCEB /* ECareTests */,
				85E1B4DA26EED2850035CCEB /* ECareUITests */,
			);
		};
/* End PBXProject section */

/* Begin PBXResourcesBuildPhase section */
		85E1B4B326EED2840035CCEB /* Resources */ = {
			isa = PBXResourcesBuildPhase;
			buildActionMask = 2147483647;
			files = (
				85D5DDD826FAD02A00909149 /* Poppins-Light.ttf in Resources */,
				85D5DDDD26FAD02A00909149 /* Poppins-Italic.ttf in Resources */,
				85F90D0226F81F8100BBFDFD /* StatusDetailViewController.xib in Resources */,
				85D5DDBB26FACEA100909149 /* Assets.xcassets in Resources */,
				856E39E126F42E03003B1949 /* DonorsTableViewCell.xib in Resources */,
				85F0A07A26F47A740021A918 /* ReqTableViewCell.xib in Resources */,
				85EE06CB26F43A4300343EF5 /* DonorsDummy.plist in Resources */,
				85E1B4C826EED2850035CCEB /* LaunchScreen.storyboard in Resources */,
				85D5DDDC26FAD02A00909149 /* Poppins-Bold.ttf in Resources */,
				85B2414926F1B636006088A5 /* Picker.plist in Resources */,
				85D5DDDB26FAD02A00909149 /* Poppins-SemiBold.ttf in Resources */,
				85D5DDD926FAD02A00909149 /* Poppins-Regular.ttf in Resources */,
				85D5DDE326FAD1ED00909149 /* ecare.db in Resources */,
				85D5DDDA26FAD02A00909149 /* Poppins-LightItalic.ttf in Resources */,
			);
			runOnlyForDeploymentPostprocessing = 0;
		};
		85E1B4CE26EED2850035CCEB /* Resources */ = {
			isa = PBXResourcesBuildPhase;
			buildActionMask = 2147483647;
			files = (
			);
			runOnlyForDeploymentPostprocessing = 0;
		};
		85E1B4D926EED2850035CCEB /* Resources */ = {
			isa = PBXResourcesBuildPhase;
			buildActionMask = 2147483647;
			files = (
			);
			runOnlyForDeploymentPostprocessing = 0;
		};
/* End PBXResourcesBuildPhase section */

/* Begin PBXSourcesBuildPhase section */
		85E1B4B126EED2840035CCEB /* Sources */ = {
			isa = PBXSourcesBuildPhase;
			buildActionMask = 2147483647;
			files = (
				85E1B4FD26EED4E10035CCEB /* AppTabBarViewController.m in Sources */,
				85E1B52726EEDEDF0035CCEB /* util.m in Sources */,
				856E39E026F42E03003B1949 /* DonorsTableViewCell.m in Sources */,
				85E1B4BA26EED2840035CCEB /* AppDelegate.m in Sources */,
				85B2414426F1B5EC006088A5 /* PickerViewController.m in Sources */,
				85F90D0126F81F8100BBFDFD /* StatusDetailViewController.m in Sources */,
				85E1B51D26EED6D00035CCEB /* ProfileViewController.m in Sources */,
				85258FC326F9A9B2009C3794 /* DonorsDB.m in Sources */,
				85E1B4CB26EED2850035CCEB /* main.m in Sources */,
				85E1B50E26EED6840035CCEB /* UpdatesViewController.m in Sources */,
				85E1B50726EED64A0035CCEB /* HomeViewController.m in Sources */,
				85E1B4BD26EED2840035CCEB /* SceneDelegate.m in Sources */,
				85F0A07926F47A740021A918 /* ReqTableViewCell.m in Sources */,
				85E1B51626EED6AD0035CCEB /* StatusViewController.m in Sources */,
				85E1B56E26EF1ECD0035CCEB /* ReqFormViewController.m in Sources */,
			);
			runOnlyForDeploymentPostprocessing = 0;
		};
		85E1B4CC26EED2850035CCEB /* Sources */ = {
			isa = PBXSourcesBuildPhase;
			buildActionMask = 2147483647;
			files = (
				85E1B4D526EED2850035CCEB /* ECareTests.m in Sources */,
			);
			runOnlyForDeploymentPostprocessing = 0;
		};
		85E1B4D726EED2850035CCEB /* Sources */ = {
			isa = PBXSourcesBuildPhase;
			buildActionMask = 2147483647;
			files = (
				85E1B4E026EED2850035CCEB /* ECareUITests.m in Sources */,
			);
			runOnlyForDeploymentPostprocessing = 0;
		};
/* End PBXSourcesBuildPhase section */

/* Begin PBXTargetDependency section */
		85E1B4D226EED2850035CCEB /* PBXTargetDependency */ = {
			isa = PBXTargetDependency;
			target = 85E1B4B426EED2840035CCEB /* ECare */;
			targetProxy = 85E1B4D126EED2850035CCEB /* PBXContainerItemProxy */;
		};
		85E1B4DD26EED2850035CCEB /* PBXTargetDependency */ = {
			isa = PBXTargetDependency;
			target = 85E1B4B426EED2840035CCEB /* ECare */;
			targetProxy = 85E1B4DC26EED2850035CCEB /* PBXContainerItemProxy */;
		};
/* End PBXTargetDependency section */

/* Begin PBXVariantGroup section */
		85E1B4C626EED2850035CCEB /* LaunchScreen.storyboard */ = {
			isa = PBXVariantGroup;
			children = (
				85E1B4C726EED2850035CCEB /* Base */,
			);
			name = LaunchScreen.storyboard;
			sourceTree = "<group>";
		};
/* End PBXVariantGroup section */

/* Begin XCBuildConfiguration section */
		85E1B4E226EED2850035CCEB /* Debug */ = {
			isa = XCBuildConfiguration;
			buildSettings = {
				ALWAYS_SEARCH_USER_PATHS = NO;
				CLANG_ANALYZER_NONNULL = YES;
				CLANG_ANALYZER_NUMBER_OBJECT_CONVERSION = YES_AGGRESSIVE;
				CLANG_CXX_LANGUAGE_STANDARD = "gnu++14";
				CLANG_CXX_LIBRARY = "libc++";
				CLANG_ENABLE_MODULES = YES;
				CLANG_ENABLE_OBJC_ARC = YES;
				CLANG_ENABLE_OBJC_WEAK = YES;
				CLANG_WARN_BLOCK_CAPTURE_AUTORELEASING = YES;
				CLANG_WARN_BOOL_CONVERSION = YES;
				CLANG_WARN_COMMA = YES;
				CLANG_WARN_CONSTANT_CONVERSION = YES;
				CLANG_WARN_DEPRECATED_OBJC_IMPLEMENTATIONS = YES;
				CLANG_WARN_DIRECT_OBJC_ISA_USAGE = YES_ERROR;
				CLANG_WARN_DOCUMENTATION_COMMENTS = YES;
				CLANG_WARN_EMPTY_BODY = YES;
				CLANG_WARN_ENUM_CONVERSION = YES;
				CLANG_WARN_INFINITE_RECURSION = YES;
				CLANG_WARN_INT_CONVERSION = YES;
				CLANG_WARN_NON_LITERAL_NULL_CONVERSION = YES;
				CLANG_WARN_OBJC_IMPLICIT_RETAIN_SELF = YES;
				CLANG_WARN_OBJC_LITERAL_CONVERSION = YES;
				CLANG_WARN_OBJC_ROOT_CLASS = YES_ERROR;
				CLANG_WARN_QUOTED_INCLUDE_IN_FRAMEWORK_HEADER = YES;
				CLANG_WARN_RANGE_LOOP_ANALYSIS = YES;
				CLANG_WARN_STRICT_PROTOTYPES = YES;
				CLANG_WARN_SUSPICIOUS_MOVE = YES;
				CLANG_WARN_UNGUARDED_AVAILABILITY = YES_AGGRESSIVE;
				CLANG_WARN_UNREACHABLE_CODE = YES;
				CLANG_WARN__DUPLICATE_METHOD_MATCH = YES;
				COPY_PHASE_STRIP = NO;
				DEBUG_INFORMATION_FORMAT = dwarf;
				ENABLE_STRICT_OBJC_MSGSEND = YES;
				ENABLE_TESTABILITY = YES;
				GCC_C_LANGUAGE_STANDARD = gnu11;
				GCC_DYNAMIC_NO_PIC = NO;
				GCC_NO_COMMON_BLOCKS = YES;
				GCC_OPTIMIZATION_LEVEL = 0;
				GCC_PREPROCESSOR_DEFINITIONS = (
					"DEBUG=1",
					"$(inherited)",
				);
				GCC_WARN_64_TO_32_BIT_CONVERSION = YES;
				GCC_WARN_ABOUT_RETURN_TYPE = YES_ERROR;
				GCC_WARN_UNDECLARED_SELECTOR = YES;
				GCC_WARN_UNINITIALIZED_AUTOS = YES_AGGRESSIVE;
				GCC_WARN_UNUSED_FUNCTION = YES;
				GCC_WARN_UNUSED_VARIABLE = YES;
				IPHONEOS_DEPLOYMENT_TARGET = 13.6;
				MTL_ENABLE_DEBUG_INFO = INCLUDE_SOURCE;
				MTL_FAST_MATH = YES;
				ONLY_ACTIVE_ARCH = YES;
				SDKROOT = iphoneos;
			};
			name = Debug;
		};
		85E1B4E326EED2850035CCEB /* Release */ = {
			isa = XCBuildConfiguration;
			buildSettings = {
				ALWAYS_SEARCH_USER_PATHS = NO;
				CLANG_ANALYZER_NONNULL = YES;
				CLANG_ANALYZER_NUMBER_OBJECT_CONVERSION = YES_AGGRESSIVE;
				CLANG_CXX_LANGUAGE_STANDARD = "gnu++14";
				CLANG_CXX_LIBRARY = "libc++";
				CLANG_ENABLE_MODULES = YES;
				CLANG_ENABLE_OBJC_ARC = YES;
				CLANG_ENABLE_OBJC_WEAK = YES;
				CLANG_WARN_BLOCK_CAPTURE_AUTORELEASING = YES;
				CLANG_WARN_BOOL_CONVERSION = YES;
				CLANG_WARN_COMMA = YES;
				CLANG_WARN_CONSTANT_CONVERSION = YES;
				CLANG_WARN_DEPRECATED_OBJC_IMPLEMENTATIONS = YES;
				CLANG_WARN_DIRECT_OBJC_ISA_USAGE = YES_ERROR;
				CLANG_WARN_DOCUMENTATION_COMMENTS = YES;
				CLANG_WARN_EMPTY_BODY = YES;
				CLANG_WARN_ENUM_CONVERSION = YES;
				CLANG_WARN_INFINITE_RECURSION = YES;
				CLANG_WARN_INT_CONVERSION = YES;
				CLANG_WARN_NON_LITERAL_NULL_CONVERSION = YES;
				CLANG_WARN_OBJC_IMPLICIT_RETAIN_SELF = YES;
				CLANG_WARN_OBJC_LITERAL_CONVERSION = YES;
				CLANG_WARN_OBJC_ROOT_CLASS = YES_ERROR;
				CLANG_WARN_QUOTED_INCLUDE_IN_FRAMEWORK_HEADER = YES;
				CLANG_WARN_RANGE_LOOP_ANALYSIS = YES;
				CLANG_WARN_STRICT_PROTOTYPES = YES;
				CLANG_WARN_SUSPICIOUS_MOVE = YES;
				CLANG_WARN_UNGUARDED_AVAILABILITY = YES_AGGRESSIVE;
				CLANG_WARN_UNREACHABLE_CODE = YES;
				CLANG_WARN__DUPLICATE_METHOD_MATCH = YES;
				COPY_PHASE_STRIP = NO;
				DEBUG_INFORMATION_FORMAT = "dwarf-with-dsym";
				ENABLE_NS_ASSERTIONS = NO;
				ENABLE_STRICT_OBJC_MSGSEND = YES;
				GCC_C_LANGUAGE_STANDARD = gnu11;
				GCC_NO_COMMON_BLOCKS = YES;
				GCC_WARN_64_TO_32_BIT_CONVERSION = YES;
				GCC_WARN_ABOUT_RETURN_TYPE = YES_ERROR;
				GCC_WARN_UNDECLARED_SELECTOR = YES;
				GCC_WARN_UNINITIALIZED_AUTOS = YES_AGGRESSIVE;
				GCC_WARN_UNUSED_FUNCTION = YES;
				GCC_WARN_UNUSED_VARIABLE = YES;
				IPHONEOS_DEPLOYMENT_TARGET = 13.6;
				MTL_ENABLE_DEBUG_INFO = NO;
				MTL_FAST_MATH = YES;
				SDKROOT = iphoneos;
				VALIDATE_PRODUCT = YES;
			};
			name = Release;
		};
		85E1B4E526EED2850035CCEB /* Debug */ = {
			isa = XCBuildConfiguration;
			buildSettings = {
				ASSETCATALOG_COMPILER_APPICON_NAME = AppIcon;
				ASSETCATALOG_COMPILER_GLOBAL_ACCENT_COLOR_NAME = AccentColor;
				CODE_SIGN_STYLE = Automatic;
				DEVELOPMENT_TEAM = QJRQR82NL5;
				INFOPLIST_FILE = ECare/Info.plist;
				IPHONEOS_DEPLOYMENT_TARGET = 13.6;
				LD_RUNPATH_SEARCH_PATHS = (
					"$(inherited)",
					"@executable_path/Frameworks",
				);
				PRODUCT_BUNDLE_IDENTIFIER = training.ECare;
				PRODUCT_NAME = "$(TARGET_NAME)";
				TARGETED_DEVICE_FAMILY = "1,2";
			};
			name = Debug;
		};
		85E1B4E626EED2850035CCEB /* Release */ = {
			isa = XCBuildConfiguration;
			buildSettings = {
				ASSETCATALOG_COMPILER_APPICON_NAME = AppIcon;
				ASSETCATALOG_COMPILER_GLOBAL_ACCENT_COLOR_NAME = AccentColor;
				CODE_SIGN_STYLE = Automatic;
				DEVELOPMENT_TEAM = QJRQR82NL5;
				INFOPLIST_FILE = ECare/Info.plist;
				IPHONEOS_DEPLOYMENT_TARGET = 13.6;
				LD_RUNPATH_SEARCH_PATHS = (
					"$(inherited)",
					"@executable_path/Frameworks",
				);
				PRODUCT_BUNDLE_IDENTIFIER = training.ECare;
				PRODUCT_NAME = "$(TARGET_NAME)";
				TARGETED_DEVICE_FAMILY = "1,2";
			};
			name = Release;
		};
		85E1B4E826EED2850035CCEB /* Debug */ = {
			isa = XCBuildConfiguration;
			buildSettings = {
				BUNDLE_LOADER = "$(TEST_HOST)";
				CODE_SIGN_STYLE = Automatic;
				DEVELOPMENT_TEAM = QJRQR82NL5;
				INFOPLIST_FILE = ECareTests/Info.plist;
				IPHONEOS_DEPLOYMENT_TARGET = 14.0;
				LD_RUNPATH_SEARCH_PATHS = (
					"$(inherited)",
					"@executable_path/Frameworks",
					"@loader_path/Frameworks",
				);
				PRODUCT_BUNDLE_IDENTIFIER = training.ECareTests;
				PRODUCT_NAME = "$(TARGET_NAME)";
				TARGETED_DEVICE_FAMILY = "1,2";
				TEST_HOST = "$(BUILT_PRODUCTS_DIR)/ECare.app/ECare";
			};
			name = Debug;
		};
		85E1B4E926EED2850035CCEB /* Release */ = {
			isa = XCBuildConfiguration;
			buildSettings = {
				BUNDLE_LOADER = "$(TEST_HOST)";
				CODE_SIGN_STYLE = Automatic;
				DEVELOPMENT_TEAM = QJRQR82NL5;
				INFOPLIST_FILE = ECareTests/Info.plist;
				IPHONEOS_DEPLOYMENT_TARGET = 14.0;
				LD_RUNPATH_SEARCH_PATHS = (
					"$(inherited)",
					"@executable_path/Frameworks",
					"@loader_path/Frameworks",
				);
				PRODUCT_BUNDLE_IDENTIFIER = training.ECareTests;
				PRODUCT_NAME = "$(TARGET_NAME)";
				TARGETED_DEVICE_FAMILY = "1,2";
				TEST_HOST = "$(BUILT_PRODUCTS_DIR)/ECare.app/ECare";
			};
			name = Release;
		};
		85E1B4EB26EED2850035CCEB /* Debug */ = {
			isa = XCBuildConfiguration;
			buildSettings = {
				CODE_SIGN_STYLE = Automatic;
				DEVELOPMENT_TEAM = QJRQR82NL5;
				INFOPLIST_FILE = ECareUITests/Info.plist;
				LD_RUNPATH_SEARCH_PATHS = (
					"$(inherited)",
					"@executable_path/Frameworks",
					"@loader_path/Frameworks",
				);
				PRODUCT_BUNDLE_IDENTIFIER = training.ECareUITests;
				PRODUCT_NAME = "$(TARGET_NAME)";
				TARGETED_DEVICE_FAMILY = "1,2";
				TEST_TARGET_NAME = ECare;
			};
			name = Debug;
		};
		85E1B4EC26EED2850035CCEB /* Release */ = {
			isa = XCBuildConfiguration;
			buildSettings = {
				CODE_SIGN_STYLE = Automatic;
				DEVELOPMENT_TEAM = QJRQR82NL5;
				INFOPLIST_FILE = ECareUITests/Info.plist;
				LD_RUNPATH_SEARCH_PATHS = (
					"$(inherited)",
					"@executable_path/Frameworks",
					"@loader_path/Frameworks",
				);
				PRODUCT_BUNDLE_IDENTIFIER = training.ECareUITests;
				PRODUCT_NAME = "$(TARGET_NAME)";
				TARGETED_DEVICE_FAMILY = "1,2";
				TEST_TARGET_NAME = ECare;
			};
			name = Release;
		};
/* End XCBuildConfiguration section */

/* Begin XCConfigurationList section */
		85E1B4B026EED2840035CCEB /* Build configuration list for PBXProject "ECare" */ = {
			isa = XCConfigurationList;
			buildConfigurations = (
				85E1B4E226EED2850035CCEB /* Debug */,
				85E1B4E326EED2850035CCEB /* Release */,
			);
			defaultConfigurationIsVisible = 0;
			defaultConfigurationName = Release;
		};
		85E1B4E426EED2850035CCEB /* Build configuration list for PBXNativeTarget "ECare" */ = {
			isa = XCConfigurationList;
			buildConfigurations = (
				85E1B4E526EED2850035CCEB /* Debug */,
				85E1B4E626EED2850035CCEB /* Release */,
			);
			defaultConfigurationIsVisible = 0;
			defaultConfigurationName = Release;
		};
		85E1B4E726EED2850035CCEB /* Build configuration list for PBXNativeTarget "ECareTests" */ = {
			isa = XCConfigurationList;
			buildConfigurations = (
				85E1B4E826EED2850035CCEB /* Debug */,
				85E1B4E926EED2850035CCEB /* Release */,
			);
			defaultConfigurationIsVisible = 0;
			defaultConfigurationName = Release;
		};
		85E1B4EA26EED2850035CCEB /* Build configuration list for PBXNativeTarget "ECareUITests" */ = {
			isa = XCConfigurationList;
			buildConfigurations = (
				85E1B4EB26EED2850035CCEB /* Debug */,
				85E1B4EC26EED2850035CCEB /* Release */,
			);
			defaultConfigurationIsVisible = 0;
			defaultConfigurationName = Release;
		};
/* End XCConfigurationList section */
	};
	rootObject = 85E1B4AD26EED2840035CCEB /* Project object */;
}
